// !$*UTF8*$!
{
	archiveVersion = 1;
	classes = {
	};
	objectVersion = 50;
	objects = {

/* Begin PBXBuildFile section */
		8B03E7992471B7F100471DC6 /* LineReader.swift in Sources */ = {isa = PBXBuildFile; fileRef = 8B03E7982471B7F100471DC6 /* LineReader.swift */; };
		8B8A72FB247430D3007A894D /* lotus512.icns in Resources */ = {isa = PBXBuildFile; fileRef = 8B8A72FA247430D3007A894D /* lotus512.icns */; };
		8BE4F8912471C3270073502E /* SwiftyJSON.swift in Sources */ = {isa = PBXBuildFile; fileRef = 8BE4F8902471C3270073502E /* SwiftyJSON.swift */; };
		8BEE3CA724718F0C00494810 /* AppDelegate.swift in Sources */ = {isa = PBXBuildFile; fileRef = 8BEE3CA624718F0C00494810 /* AppDelegate.swift */; };
		8BEE3CA924718F0C00494810 /* ViewController.swift in Sources */ = {isa = PBXBuildFile; fileRef = 8BEE3CA824718F0C00494810 /* ViewController.swift */; };
		8BEE3CAB24718F0D00494810 /* Assets.xcassets in Resources */ = {isa = PBXBuildFile; fileRef = 8BEE3CAA24718F0D00494810 /* Assets.xcassets */; };
		8BEE3CAE24718F0D00494810 /* Main.storyboard in Resources */ = {isa = PBXBuildFile; fileRef = 8BEE3CAC24718F0D00494810 /* Main.storyboard */; };
/* End PBXBuildFile section */

/* Begin PBXFileReference section */
		8B03E7982471B7F100471DC6 /* LineReader.swift */ = {isa = PBXFileReference; lastKnownFileType = sourcecode.swift; path = LineReader.swift; sourceTree = "<group>"; };
		8B8A72FA247430D3007A894D /* lotus512.icns */ = {isa = PBXFileReference; lastKnownFileType = image.icns; path = lotus512.icns; sourceTree = "<group>"; };
		8BE4F8902471C3270073502E /* SwiftyJSON.swift */ = {isa = PBXFileReference; fileEncoding = 4; lastKnownFileType = sourcecode.swift; path = SwiftyJSON.swift; sourceTree = "<group>"; };
		8BEE3CA324718F0C00494810 /* Kernel Composure.app */ = {isa = PBXFileReference; explicitFileType = wrapper.application; includeInIndex = 0; path = "Kernel Composure.app"; sourceTree = BUILT_PRODUCTS_DIR; };
		8BEE3CA624718F0C00494810 /* AppDelegate.swift */ = {isa = PBXFileReference; lastKnownFileType = sourcecode.swift; path = AppDelegate.swift; sourceTree = "<group>"; };
		8BEE3CA824718F0C00494810 /* ViewController.swift */ = {isa = PBXFileReference; lastKnownFileType = sourcecode.swift; path = ViewController.swift; sourceTree = "<group>"; };
		8BEE3CAA24718F0D00494810 /* Assets.xcassets */ = {isa = PBXFileReference; lastKnownFileType = folder.assetcatalog; path = Assets.xcassets; sourceTree = "<group>"; };
		8BEE3CAD24718F0D00494810 /* Base */ = {isa = PBXFileReference; lastKnownFileType = file.storyboard; name = Base; path = Base.lproj/Main.storyboard; sourceTree = "<group>"; };
		8BEE3CAF24718F0D00494810 /* Info.plist */ = {isa = PBXFileReference; lastKnownFileType = text.plist.xml; path = Info.plist; sourceTree = "<group>"; };
		8BEE3CB024718F0D00494810 /* Kernel_Composure.entitlements */ = {isa = PBXFileReference; lastKnownFileType = text.plist.entitlements; path = Kernel_Composure.entitlements; sourceTree = "<group>"; };
/* End PBXFileReference section */

/* Begin PBXFrameworksBuildPhase section */
		8BEE3CA024718F0C00494810 /* Frameworks */ = {
			isa = PBXFrameworksBuildPhase;
			buildActionMask = 2147483647;
			files = (
			);
			runOnlyForDeploymentPostprocessing = 0;
		};
/* End PBXFrameworksBuildPhase section */

/* Begin PBXGroup section */
		8BEE3C9A24718F0C00494810 = {
			isa = PBXGroup;
			children = (
				8BEE3CA524718F0C00494810 /* Kernel Composure */,
				8BEE3CA424718F0C00494810 /* Products */,
			);
			sourceTree = "<group>";
		};
		8BEE3CA424718F0C00494810 /* Products */ = {
			isa = PBXGroup;
			children = (
				8BEE3CA324718F0C00494810 /* Kernel Composure.app */,
			);
			name = Products;
			sourceTree = "<group>";
		};
		8BEE3CA524718F0C00494810 /* Kernel Composure */ = {
			isa = PBXGroup;
			children = (
				8B8A72FA247430D3007A894D /* lotus512.icns */,
				8BEE3CA624718F0C00494810 /* AppDelegate.swift */,
				8BEE3CA824718F0C00494810 /* ViewController.swift */,
				8BEE3CAA24718F0D00494810 /* Assets.xcassets */,
				8BEE3CAC24718F0D00494810 /* Main.storyboard */,
				8BEE3CAF24718F0D00494810 /* Info.plist */,
				8BEE3CB024718F0D00494810 /* Kernel_Composure.entitlements */,
				8BE4F8902471C3270073502E /* SwiftyJSON.swift */,
				8B03E7982471B7F100471DC6 /* LineReader.swift */,
			);
			path = "Kernel Composure";
			sourceTree = "<group>";
		};
/* End PBXGroup section */

/* Begin PBXNativeTarget section */
		8BEE3CA224718F0C00494810 /* Kernel Composure */ = {
			isa = PBXNativeTarget;
			buildConfigurationList = 8BEE3CB324718F0D00494810 /* Build configuration list for PBXNativeTarget "Kernel Composure" */;
			buildPhases = (
				8BEE3C9F24718F0C00494810 /* Sources */,
				8BEE3CA024718F0C00494810 /* Frameworks */,
				8BEE3CA124718F0C00494810 /* Resources */,
			);
			buildRules = (
			);
			dependencies = (
			);
			name = "Kernel Composure";
			productName = "Kernel Composure";
			productReference = 8BEE3CA324718F0C00494810 /* Kernel Composure.app */;
			productType = "com.apple.product-type.application";
		};
/* End PBXNativeTarget section */

/* Begin PBXProject section */
		8BEE3C9B24718F0C00494810 /* Project object */ = {
			isa = PBXProject;
			attributes = {
				LastSwiftUpdateCheck = 1140;
				LastUpgradeCheck = 1140;
				ORGANIZATIONNAME = "Encore Technologies";
				TargetAttributes = {
					8BEE3CA224718F0C00494810 = {
						CreatedOnToolsVersion = 11.4.1;
					};
				};
			};
			buildConfigurationList = 8BEE3C9E24718F0C00494810 /* Build configuration list for PBXProject "Kernel Composure" */;
			compatibilityVersion = "Xcode 9.3";
			developmentRegion = en;
			hasScannedForEncodings = 0;
			knownRegions = (
				en,
				Base,
			);
			mainGroup = 8BEE3C9A24718F0C00494810;
			productRefGroup = 8BEE3CA424718F0C00494810 /* Products */;
			projectDirPath = "";
			projectRoot = "";
			targets = (
				8BEE3CA224718F0C00494810 /* Kernel Composure */,
			);
		};
/* End PBXProject section */

/* Begin PBXResourcesBuildPhase section */
		8BEE3CA124718F0C00494810 /* Resources */ = {
			isa = PBXResourcesBuildPhase;
			buildActionMask = 2147483647;
			files = (
				8BEE3CAB24718F0D00494810 /* Assets.xcassets in Resources */,
				8BEE3CAE24718F0D00494810 /* Main.storyboard in Resources */,
				8B8A72FB247430D3007A894D /* lotus512.icns in Resources */,
			);
			runOnlyForDeploymentPostprocessing = 0;
		};
/* End PBXResourcesBuildPhase section */

/* Begin PBXSourcesBuildPhase section */
		8BEE3C9F24718F0C00494810 /* Sources */ = {
			isa = PBXSourcesBuildPhase;
			buildActionMask = 2147483647;
			files = (
				8B03E7992471B7F100471DC6 /* LineReader.swift in Sources */,
				8BEE3CA924718F0C00494810 /* ViewController.swift in Sources */,
				8BEE3CA724718F0C00494810 /* AppDelegate.swift in Sources */,
				8BE4F8912471C3270073502E /* SwiftyJSON.swift in Sources */,
			);
			runOnlyForDeploymentPostprocessing = 0;
		};
/* End PBXSourcesBuildPhase section */

/* Begin PBXVariantGroup section */
		8BEE3CAC24718F0D00494810 /* Main.storyboard */ = {
			isa = PBXVariantGroup;
			children = (
				8BEE3CAD24718F0D00494810 /* Base */,
			);
			name = Main.storyboard;
			sourceTree = "<group>";
		};
/* End PBXVariantGroup section */

/* Begin XCBuildConfiguration section */
		8BEE3CB124718F0D00494810 /* Debug */ = {
			isa = XCBuildConfiguration;
			buildSettings = {
				ALWAYS_SEARCH_USER_PATHS = NO;
				CLANG_ANALYZER_NONNULL = YES;
				CLANG_ANALYZER_NUMBER_OBJECT_CONVERSION = YES_AGGRESSIVE;
				CLANG_CXX_LANGUAGE_STANDARD = "gnu++14";
				CLANG_CXX_LIBRARY = "libc++";
				CLANG_ENABLE_MODULES = YES;
				CLANG_ENABLE_OBJC_ARC = YES;
				CLANG_ENABLE_OBJC_WEAK = YES;
				CLANG_WARN_BLOCK_CAPTURE_AUTORELEASING = YES;
				CLANG_WARN_BOOL_CONVERSION = YES;
				CLANG_WARN_COMMA = YES;
				CLANG_WARN_CONSTANT_CONVERSION = YES;
				CLANG_WARN_DEPRECATED_OBJC_IMPLEMENTATIONS = YES;
				CLANG_WARN_DIRECT_OBJC_ISA_USAGE = YES_ERROR;
				CLANG_WARN_DOCUMENTATION_COMMENTS = YES;
				CLANG_WARN_EMPTY_BODY = YES;
				CLANG_WARN_ENUM_CONVERSION = YES;
				CLANG_WARN_INFINITE_RECURSION = YES;
				CLANG_WARN_INT_CONVERSION = YES;
				CLANG_WARN_NON_LITERAL_NULL_CONVERSION = YES;
				CLANG_WARN_OBJC_IMPLICIT_RETAIN_SELF = YES;
				CLANG_WARN_OBJC_LITERAL_CONVERSION = YES;
				CLANG_WARN_OBJC_ROOT_CLASS = YES_ERROR;
				CLANG_WARN_RANGE_LOOP_ANALYSIS = YES;
				CLANG_WARN_STRICT_PROTOTYPES = YES;
				CLANG_WARN_SUSPICIOUS_MOVE = YES;
				CLANG_WARN_UNGUARDED_AVAILABILITY = YES_AGGRESSIVE;
				CLANG_WARN_UNREACHABLE_CODE = YES;
				CLANG_WARN__DUPLICATE_METHOD_MATCH = YES;
				COPY_PHASE_STRIP = NO;
				DEBUG_INFORMATION_FORMAT = dwarf;
				ENABLE_HARDENED_RUNTIME = YES;
				ENABLE_STRICT_OBJC_MSGSEND = YES;
				ENABLE_TESTABILITY = YES;
				GCC_C_LANGUAGE_STANDARD = gnu11;
				GCC_DYNAMIC_NO_PIC = NO;
				GCC_NO_COMMON_BLOCKS = YES;
				GCC_OPTIMIZATION_LEVEL = 0;
				GCC_PREPROCESSOR_DEFINITIONS = (
					"DEBUG=1",
					"$(inherited)",
				);
				GCC_WARN_64_TO_32_BIT_CONVERSION = YES;
				GCC_WARN_ABOUT_RETURN_TYPE = YES_ERROR;
				GCC_WARN_UNDECLARED_SELECTOR = YES;
				GCC_WARN_UNINITIALIZED_AUTOS = YES_AGGRESSIVE;
				GCC_WARN_UNUSED_FUNCTION = YES;
				GCC_WARN_UNUSED_VARIABLE = YES;
				MACOSX_DEPLOYMENT_TARGET = 10.15;
				MTL_ENABLE_DEBUG_INFO = INCLUDE_SOURCE;
				MTL_FAST_MATH = YES;
				ONLY_ACTIVE_ARCH = YES;
				SDKROOT = macosx;
				SWIFT_ACTIVE_COMPILATION_CONDITIONS = DEBUG;
				SWIFT_OPTIMIZATION_LEVEL = "-Onone";
			};
			name = Debug;
		};
		8BEE3CB224718F0D00494810 /* Release */ = {
			isa = XCBuildConfiguration;
			buildSettings = {
				ALWAYS_SEARCH_USER_PATHS = NO;
				CLANG_ANALYZER_NONNULL = YES;
				CLANG_ANALYZER_NUMBER_OBJECT_CONVERSION = YES_AGGRESSIVE;
				CLANG_CXX_LANGUAGE_STANDARD = "gnu++14";
				CLANG_CXX_LIBRARY = "libc++";
				CLANG_ENABLE_MODULES = YES;
				CLANG_ENABLE_OBJC_ARC = YES;
				CLANG_ENABLE_OBJC_WEAK = YES;
				CLANG_WARN_BLOCK_CAPTURE_AUTORELEASING = YES;
				CLANG_WARN_BOOL_CONVERSION = YES;
				CLANG_WARN_COMMA = YES;
				CLANG_WARN_CONSTANT_CONVERSION = YES;
				CLANG_WARN_DEPRECATED_OBJC_IMPLEMENTATIONS = YES;
				CLANG_WARN_DIRECT_OBJC_ISA_USAGE = YES_ERROR;
				CLANG_WARN_DOCUMENTATION_COMMENTS = YES;
				CLANG_WARN_EMPTY_BODY = YES;
				CLANG_WARN_ENUM_CONVERSION = YES;
				CLANG_WARN_INFINITE_RECURSION = YES;
				CLANG_WARN_INT_CONVERSION = YES;
				CLANG_WARN_NON_LITERAL_NULL_CONVERSION = YES;
				CLANG_WARN_OBJC_IMPLICIT_RETAIN_SELF = YES;
				CLANG_WARN_OBJC_LITERAL_CONVERSION = YES;
				CLANG_WARN_OBJC_ROOT_CLASS = YES_ERROR;
				CLANG_WARN_RANGE_LOOP_ANALYSIS = YES;
				CLANG_WARN_STRICT_PROTOTYPES = YES;
				CLANG_WARN_SUSPICIOUS_MOVE = YES;
				CLANG_WARN_UNGUARDED_AVAILABILITY = YES_AGGRESSIVE;
				CLANG_WARN_UNREACHABLE_CODE = YES;
				CLANG_WARN__DUPLICATE_METHOD_MATCH = YES;
				COPY_PHASE_STRIP = NO;
				DEBUG_INFORMATION_FORMAT = "dwarf-with-dsym";
				ENABLE_HARDENED_RUNTIME = YES;
				ENABLE_NS_ASSERTIONS = NO;
				ENABLE_STRICT_OBJC_MSGSEND = YES;
				GCC_C_LANGUAGE_STANDARD = gnu11;
				GCC_NO_COMMON_BLOCKS = YES;
				GCC_WARN_64_TO_32_BIT_CONVERSION = YES;
				GCC_WARN_ABOUT_RETURN_TYPE = YES_ERROR;
				GCC_WARN_UNDECLARED_SELECTOR = YES;
				GCC_WARN_UNINITIALIZED_AUTOS = YES_AGGRESSIVE;
				GCC_WARN_UNUSED_FUNCTION = YES;
				GCC_WARN_UNUSED_VARIABLE = YES;
				MACOSX_DEPLOYMENT_TARGET = 10.15;
				MTL_ENABLE_DEBUG_INFO = NO;
				MTL_FAST_MATH = YES;
				SDKROOT = macosx;
				SWIFT_COMPILATION_MODE = wholemodule;
				SWIFT_OPTIMIZATION_LEVEL = "-O";
			};
			name = Release;
		};
		8BEE3CB424718F0D00494810 /* Debug */ = {
			isa = XCBuildConfiguration;
			buildSettings = {
				CODE_SIGN_ENTITLEMENTS = "Kernel Composure/Kernel_Composure.entitlements";
				CODE_SIGN_IDENTITY = "";
				CODE_SIGN_STYLE = Manual;
				COMBINE_HIDPI_IMAGES = YES;
				DEVELOPMENT_TEAM = "";
				ENABLE_HARDENED_RUNTIME = NO;
				INFOPLIST_FILE = "Kernel Composure/Info.plist";
				LD_RUNPATH_SEARCH_PATHS = (
					"$(inherited)",
					"@executable_path/../Frameworks",
				);
				PRODUCT_BUNDLE_IDENTIFIER = "com.encore.Kernel-Composure";
				PRODUCT_NAME = "$(TARGET_NAME)";
				SWIFT_VERSION = 5.0;
			};
			name = Debug;
		};
		8BEE3CB524718F0D00494810 /* Release */ = {
			isa = XCBuildConfiguration;
			buildSettings = {
				CODE_SIGN_ENTITLEMENTS = "Kernel Composure/Kernel_Composure.entitlements";
				CODE_SIGN_IDENTITY = "";
				CODE_SIGN_STYLE = Manual;
				COMBINE_HIDPI_IMAGES = YES;
				DEVELOPMENT_TEAM = "";
				ENABLE_HARDENED_RUNTIME = NO;
				INFOPLIST_FILE = "Kernel Composure/Info.plist";
				LD_RUNPATH_SEARCH_PATHS = (
					"$(inherited)",
					"@executable_path/../Frameworks",
				);
				PRODUCT_BUNDLE_IDENTIFIER = "com.encore.Kernel-Composure";
				PRODUCT_NAME = "$(TARGET_NAME)";
				SWIFT_VERSION = 5.0;
			};
			name = Release;
		};
/* End XCBuildConfiguration section */

/* Begin XCConfigurationList section */
		8BEE3C9E24718F0C00494810 /* Build configuration list for PBXProject "Kernel Composure" */ = {
			isa = XCConfigurationList;
			buildConfigurations = (
				8BEE3CB124718F0D00494810 /* Debug */,
				8BEE3CB224718F0D00494810 /* Release */,
			);
			defaultConfigurationIsVisible = 0;
			defaultConfigurationName = Release;
		};
		8BEE3CB324718F0D00494810 /* Build configuration list for PBXNativeTarget "Kernel Composure" */ = {
			isa = XCConfigurationList;
			buildConfigurations = (
				8BEE3CB424718F0D00494810 /* Debug */,
				8BEE3CB524718F0D00494810 /* Release */,
			);
			defaultConfigurationIsVisible = 0;
			defaultConfigurationName = Release;
		};
/* End XCConfigurationList section */
	};
	rootObject = 8BEE3C9B24718F0C00494810 /* Project object */;
}
